<?xml version="1.0" encoding="utf-8"?>
<Project ToolsVersion="4.0" xmlns="http://schemas.microsoft.com/developer/msbuild/2003">
  <ItemGroup>
    <Filter Include="Source Files">
      <UniqueIdentifier>{4FC737F1-C7A5-4376-A066-2A32D752A2FF}</UniqueIdentifier>
      <Extensions>cpp;c;cc;cxx;def;odl;idl;hpj;bat;asm;asmx</Extensions>
    </Filter>
    <Filter Include="Header Files">
      <UniqueIdentifier>{93995380-89BD-4b04-88EB-625FBE52EBFB}</UniqueIdentifier>
      <Extensions>h;hh;hpp;hxx;hm;inl;inc;xsd</Extensions>
    </Filter>
    <Filter Include="Resource Files">
      <UniqueIdentifier>{67DA6AB6-F800-4c08-8B7A-83BB121AAD01}</UniqueIdentifier>
      <Extensions>qrc;rc;ico;cur;bmp;dlg;rc2;rct;bin;rgs;gif;jpg;jpeg;jpe;resx;tiff;tif;png;wav;mfcribbon-ms</Extensions>
    </Filter>
    <Filter Include="Form Files">
      <UniqueIdentifier>{99349809-55BA-4b9d-BF79-8FDBB0286EB3}</UniqueIdentifier>
      <Extensions>ui</Extensions>
    </Filter>
    <Filter Include="Translation Files">
      <UniqueIdentifier>{639EADAA-A684-42e4-A9AD-28FC9BCB8F7C}</UniqueIdentifier>
      <Extensions>ts</Extensions>
    </Filter>
    <Filter Include="Source Files\SceneObjects">
      <UniqueIdentifier>{cf14e049-c7cb-4776-9e2c-900a3968fb8e}</UniqueIdentifier>
    </Filter>
    <Filter Include="Header Files\SceneObjects">
      <UniqueIdentifier>{9b90ed7e-3360-4892-9e77-c3f2283e46e0}</UniqueIdentifier>
    </Filter>
    <Filter Include="Header Files\Math">
      <UniqueIdentifier>{e47fe245-98ad-41c3-922b-0a83691742b9}</UniqueIdentifier>
    </Filter>
    <Filter Include="Source Files\Math">
      <UniqueIdentifier>{f8e65576-cd6c-4448-9f75-60b61a4de19d}</UniqueIdentifier>
    </Filter>
    <Filter Include="Header Files\Qt">
      <UniqueIdentifier>{f501c444-cff6-439b-a273-c87f9ae9e0cc}</UniqueIdentifier>
    </Filter>
    <Filter Include="Source Files\Qt">
      <UniqueIdentifier>{cf0c0b82-d4b1-4ca2-865b-096d71394ca0}</UniqueIdentifier>
    </Filter>
  </ItemGroup>
  <ItemGroup>
    <QtRcc Include="MainWindow.qrc">
      <Filter>Resource Files</Filter>
    </QtRcc>
    <QtUic Include="MainWindow.ui">
      <Filter>Form Files</Filter>
    </QtUic>
  </ItemGroup>
  <ItemGroup>
    <ClCompile Include="SceneObject.cpp">
      <Filter>Source Files</Filter>
    </ClCompile>
    <ClCompile Include="Printable.cpp">
      <Filter>Source Files</Filter>
    </ClCompile>
    <ClCompile Include="Transform.cpp">
      <Filter>Source Files</Filter>
    </ClCompile>
    <ClCompile Include="Surface.cpp">
      <Filter>Source Files</Filter>
    </ClCompile>
    <ClCompile Include="Color.cpp">
      <Filter>Source Files</Filter>
    </ClCompile>
    <ClCompile Include="Model3D.cpp">
      <Filter>Source Files\SceneObjects</Filter>
    </ClCompile>
    <ClCompile Include="Camera3D.cpp">
      <Filter>Source Files\SceneObjects</Filter>
    </ClCompile>
    <ClCompile Include="Angle.cpp">
      <Filter>Source Files\Math</Filter>
    </ClCompile>
    <ClCompile Include="EulerAngles.cpp">
      <Filter>Source Files\Math</Filter>
    </ClCompile>
    <ClCompile Include="Real.cpp">
      <Filter>Source Files\Math</Filter>
    </ClCompile>
    <ClCompile Include="Vector3D.cpp">
      <Filter>Source Files\Math</Filter>
    </ClCompile>
    <ClCompile Include="main.cpp">
      <Filter>Source Files\Qt</Filter>
    </ClCompile>
    <ClCompile Include="MainWindow.cpp">
      <Filter>Source Files\Qt</Filter>
    </ClCompile>
    <ClCompile Include="Viewport.cpp">
      <Filter>Source Files\Qt</Filter>
    </ClCompile>
    <ClCompile Include="Scene.cpp">
      <Filter>Source Files</Filter>
    </ClCompile>
    <ClCompile Include="RubicsCube.cpp">
      <Filter>Source Files\SceneObjects</Filter>
    </ClCompile>
    <ClCompile Include="VisibleObject.cpp">
      <Filter>Source Files\SceneObjects</Filter>
    </ClCompile>
    <ClCompile Include="Renderer.cpp">
      <Filter>Source Files</Filter>
    </ClCompile>
    <ClCompile Include="Vertex.cpp">
      <Filter>Source Files</Filter>
    </ClCompile>
    <ClCompile Include="Vector2D.cpp">
      <Filter>Source Files\Math</Filter>
    </ClCompile>
  </ItemGroup>
  <ItemGroup>
    <ClInclude Include="SceneObject.h">
      <Filter>Header Files</Filter>
    </ClInclude>
    <ClInclude Include="Printable.h">
      <Filter>Header Files</Filter>
    </ClInclude>
    <ClInclude Include="Transform.h">
      <Filter>Header Files</Filter>
    </ClInclude>
    <ClInclude Include="Surface.h">
      <Filter>Header Files</Filter>
    </ClInclude>
    <ClInclude Include="Vertex.h">
      <Filter>Header Files</Filter>
    </ClInclude>
    <ClInclude Include="Color.h">
      <Filter>Header Files</Filter>
    </ClInclude>
    <ClInclude Include="Model3D.h">
      <Filter>Header Files\SceneObjects</Filter>
    </ClInclude>
    <ClInclude Include="Camera3D.h">
      <Filter>Header Files\SceneObjects</Filter>
    </ClInclude>
    <ClInclude Include="Angle.h">
      <Filter>Header Files\Math</Filter>
    </ClInclude>
    <ClInclude Include="EulerAngles.h">
      <Filter>Header Files\Math</Filter>
    </ClInclude>
    <ClInclude Include="Vector3D.h">
      <Filter>Header Files\Math</Filter>
    </ClInclude>
    <ClInclude Include="Real.h">
      <Filter>Header Files\Math</Filter>
    </ClInclude>
    <ClInclude Include="Scene.h">
      <Filter>Header Files</Filter>
    </ClInclude>
    <ClInclude Include="RubicsCube.h">
      <Filter>Header Files\SceneObjects</Filter>
    </ClInclude>
    <ClInclude Include="VisibleObject.h">
      <Filter>Header Files\SceneObjects</Filter>
    </ClInclude>
    <ClInclude Include="Renderer.h">
      <Filter>Header Files</Filter>
    </ClInclude>
    <ClInclude Include="Property.h">
      <Filter>Header Files</Filter>
    </ClInclude>
    <ClInclude Include="Vector2D.h">
      <Filter>Header Files\Math</Filter>
    </ClInclude>
  </ItemGroup>
  <ItemGroup>
    <QtMoc Include="MainWindow.h">
      <Filter>Header Files\Qt</Filter>
    </QtMoc>
    <QtMoc Include="Viewport.h">
      <Filter>Header Files\Qt</Filter>
    </QtMoc>
  </ItemGroup>
</Project>